// !$*UTF8*$!
{
	archiveVersion = 1;
	classes = {
	};
	objectVersion = 55;
	objects = {

/* Begin PBXBuildFile section */
		83BE8C4427ED742B00F10136 /* main.cpp in Sources */ = {isa = PBXBuildFile; fileRef = 83BE8C4327ED742B00F10136 /* main.cpp */; };
		83BE8C4E27ED75C500F10136 /* libglfw3.a in Frameworks */ = {isa = PBXBuildFile; fileRef = 83BE8C4D27ED75C500F10136 /* libglfw3.a */; };
		83BE8C5427ED774600F10136 /* glad.c in Sources */ = {isa = PBXBuildFile; fileRef = 83BE8C5327ED774600F10136 /* glad.c */; };
		83BE8C5727ED786800F10136 /* AppKit.framework in Frameworks */ = {isa = PBXBuildFile; fileRef = 83BE8C5627ED786800F10136 /* AppKit.framework */; };
		83BE8C5927ED788A00F10136 /* IOKit.framework in Frameworks */ = {isa = PBXBuildFile; fileRef = 83BE8C5827ED788A00F10136 /* IOKit.framework */; };
		83BE8C5B27ED789900F10136 /* CoreFoundation.framework in Frameworks */ = {isa = PBXBuildFile; fileRef = 83BE8C5A27ED789900F10136 /* CoreFoundation.framework */; };
		83BE8C5D27ED78B000F10136 /* Foundation.framework in Frameworks */ = {isa = PBXBuildFile; fileRef = 83BE8C5C27ED78B000F10136 /* Foundation.framework */; };
		83BE8C5F27ED78BE00F10136 /* CoreGraphics.framework in Frameworks */ = {isa = PBXBuildFile; fileRef = 83BE8C5E27ED78BE00F10136 /* CoreGraphics.framework */; };
/* End PBXBuildFile section */

/* Begin PBXCopyFilesBuildPhase section */
		83BE8C3E27ED742B00F10136 /* CopyFiles */ = {
			isa = PBXCopyFilesBuildPhase;
			buildActionMask = 2147483647;
			dstPath = /usr/share/man/man1/;
			dstSubfolderSpec = 0;
			files = (
			);
			runOnlyForDeploymentPostprocessing = 1;
		};
/* End PBXCopyFilesBuildPhase section */

/* Begin PBXFileReference section */
		83BE8C4027ED742B00F10136 /* learnOpenGl */ = {isa = PBXFileReference; explicitFileType = "compiled.mach-o.executable"; includeInIndex = 0; path = learnOpenGl; sourceTree = BUILT_PRODUCTS_DIR; };
		83BE8C4327ED742B00F10136 /* main.cpp */ = {isa = PBXFileReference; lastKnownFileType = sourcecode.cpp.cpp; path = main.cpp; sourceTree = "<group>"; };
		83BE8C4D27ED75C500F10136 /* libglfw3.a */ = {isa = PBXFileReference; lastKnownFileType = archive.ar; path = libglfw3.a; sourceTree = "<group>"; };
		83BE8C4F27ED763D00F10136 /* GLFW */ = {isa = PBXFileReference; lastKnownFileType = folder; path = GLFW; sourceTree = "<group>"; };
		83BE8C5027ED769F00F10136 /* glad */ = {isa = PBXFileReference; lastKnownFileType = folder; path = glad; sourceTree = "<group>"; };
		83BE8C5127ED76B400F10136 /* KHR */ = {isa = PBXFileReference; lastKnownFileType = folder; path = KHR; sourceTree = "<group>"; };
		83BE8C5327ED774600F10136 /* glad.c */ = {isa = PBXFileReference; fileEncoding = 4; lastKnownFileType = sourcecode.c.c; path = glad.c; sourceTree = "<group>"; };
		83BE8C5627ED786800F10136 /* AppKit.framework */ = {isa = PBXFileReference; lastKnownFileType = wrapper.framework; name = AppKit.framework; path = System/Library/Frameworks/AppKit.framework; sourceTree = SDKROOT; };
		83BE8C5827ED788A00F10136 /* IOKit.framework */ = {isa = PBXFileReference; lastKnownFileType = wrapper.framework; name = IOKit.framework; path = System/Library/Frameworks/IOKit.framework; sourceTree = SDKROOT; };
		83BE8C5A27ED789900F10136 /* CoreFoundation.framework */ = {isa = PBXFileReference; lastKnownFileType = wrapper.framework; name = CoreFoundation.framework; path = System/Library/Frameworks/CoreFoundation.framework; sourceTree = SDKROOT; };
		83BE8C5C27ED78B000F10136 /* Foundation.framework */ = {isa = PBXFileReference; lastKnownFileType = wrapper.framework; name = Foundation.framework; path = System/Library/Frameworks/Foundation.framework; sourceTree = SDKROOT; };
		83BE8C5E27ED78BE00F10136 /* CoreGraphics.framework */ = {isa = PBXFileReference; lastKnownFileType = wrapper.framework; name = CoreGraphics.framework; path = System/Library/Frameworks/CoreGraphics.framework; sourceTree = SDKROOT; };
/* End PBXFileReference section */

/* Begin PBXFrameworksBuildPhase section */
		83BE8C3D27ED742B00F10136 /* Frameworks */ = {
			isa = PBXFrameworksBuildPhase;
			buildActionMask = 2147483647;
			files = (
				83BE8C5F27ED78BE00F10136 /* CoreGraphics.framework in Frameworks */,
				83BE8C5D27ED78B000F10136 /* Foundation.framework in Frameworks */,
				83BE8C5B27ED789900F10136 /* CoreFoundation.framework in Frameworks */,
				83BE8C5927ED788A00F10136 /* IOKit.framework in Frameworks */,
				83BE8C5727ED786800F10136 /* AppKit.framework in Frameworks */,
				83BE8C4E27ED75C500F10136 /* libglfw3.a in Frameworks */,
			);
			runOnlyForDeploymentPostprocessing = 0;
		};
/* End PBXFrameworksBuildPhase section */

/* Begin PBXGroup section */
		83BE8C3727ED742B00F10136 = {
			isa = PBXGroup;
			children = (
				83BE8C4A27ED745800F10136 /* Externals */,
				83BE8C4227ED742B00F10136 /* learnOpenGl */,
				83BE8C4127ED742B00F10136 /* Products */,
				83BE8C5527ED786800F10136 /* Frameworks */,
			);
			sourceTree = "<group>";
		};
		83BE8C4127ED742B00F10136 /* Products */ = {
			isa = PBXGroup;
			children = (
				83BE8C4027ED742B00F10136 /* learnOpenGl */,
			);
			name = Products;
			sourceTree = "<group>";
		};
		83BE8C4227ED742B00F10136 /* learnOpenGl */ = {
			isa = PBXGroup;
			children = (
				83BE8C4327ED742B00F10136 /* main.cpp */,
			);
			path = learnOpenGl;
			sourceTree = "<group>";
		};
		83BE8C4A27ED745800F10136 /* Externals */ = {
			isa = PBXGroup;
			children = (
				83BE8C5327ED774600F10136 /* glad.c */,
				83BE8C4C27ED747700F10136 /* Libraries */,
				83BE8C4B27ED746900F10136 /* Include */,
			);
			path = Externals;
			sourceTree = "<group>";
		};
		83BE8C4B27ED746900F10136 /* Include */ = {
			isa = PBXGroup;
			children = (
				83BE8C5127ED76B400F10136 /* KHR */,
				83BE8C5027ED769F00F10136 /* glad */,
				83BE8C4F27ED763D00F10136 /* GLFW */,
			);
			path = Include;
			sourceTree = "<group>";
		};
		83BE8C4C27ED747700F10136 /* Libraries */ = {
			isa = PBXGroup;
			children = (
				83BE8C4D27ED75C500F10136 /* libglfw3.a */,
			);
			path = Libraries;
			sourceTree = "<group>";
		};
		83BE8C5527ED786800F10136 /* Frameworks */ = {
			isa = PBXGroup;
			children = (
				83BE8C5E27ED78BE00F10136 /* CoreGraphics.framework */,
				83BE8C5C27ED78B000F10136 /* Foundation.framework */,
				83BE8C5A27ED789900F10136 /* CoreFoundation.framework */,
				83BE8C5827ED788A00F10136 /* IOKit.framework */,
				83BE8C5627ED786800F10136 /* AppKit.framework */,
			);
			name = Frameworks;
			sourceTree = "<group>";
		};
/* End PBXGroup section */

/* Begin PBXNativeTarget section */
		83BE8C3F27ED742B00F10136 /* learnOpenGl */ = {
			isa = PBXNativeTarget;
			buildConfigurationList = 83BE8C4727ED742B00F10136 /* Build configuration list for PBXNativeTarget "learnOpenGl" */;
			buildPhases = (
				83BE8C3C27ED742B00F10136 /* Sources */,
				83BE8C3D27ED742B00F10136 /* Frameworks */,
				83BE8C3E27ED742B00F10136 /* CopyFiles */,
			);
			buildRules = (
			);
			dependencies = (
			);
			name = learnOpenGl;
			productName = learnOpenGl;
			productReference = 83BE8C4027ED742B00F10136 /* learnOpenGl */;
			productType = "com.apple.product-type.tool";
		};
/* End PBXNativeTarget section */

/* Begin PBXProject section */
		83BE8C3827ED742B00F10136 /* Project object */ = {
			isa = PBXProject;
			attributes = {
				BuildIndependentTargetsInParallel = 1;
				LastUpgradeCheck = 1330;
				TargetAttributes = {
					83BE8C3F27ED742B00F10136 = {
						CreatedOnToolsVersion = 13.3;
					};
				};
			};
			buildConfigurationList = 83BE8C3B27ED742B00F10136 /* Build configuration list for PBXProject "learnOpenGl" */;
			compatibilityVersion = "Xcode 13.0";
			developmentRegion = en;
			hasScannedForEncodings = 0;
			knownRegions = (
				en,
				Base,
			);
			mainGroup = 83BE8C3727ED742B00F10136;
			productRefGroup = 83BE8C4127ED742B00F10136 /* Products */;
			projectDirPath = "";
			projectRoot = "";
			targets = (
				83BE8C3F27ED742B00F10136 /* learnOpenGl */,
			);
		};
/* End PBXProject section */

/* Begin PBXSourcesBuildPhase section */
		83BE8C3C27ED742B00F10136 /* Sources */ = {
			isa = PBXSourcesBuildPhase;
			buildActionMask = 2147483647;
			files = (
				83BE8C4427ED742B00F10136 /* main.cpp in Sources */,
				83BE8C5427ED774600F10136 /* glad.c in Sources */,
			);
			runOnlyForDeploymentPostprocessing = 0;
		};
/* End PBXSourcesBuildPhase section */

/* Begin XCBuildConfiguration section */
		83BE8C4527ED742B00F10136 /* Debug */ = {
			isa = XCBuildConfiguration;
			buildSettings = {
				ALWAYS_SEARCH_USER_PATHS = NO;
				CLANG_ANALYZER_NONNULL = YES;
				CLANG_ANALYZER_NUMBER_OBJECT_CONVERSION = YES_AGGRESSIVE;
				CLANG_CXX_LANGUAGE_STANDARD = "gnu++17";
				CLANG_ENABLE_MODULES = YES;
				CLANG_ENABLE_OBJC_ARC = YES;
				CLANG_ENABLE_OBJC_WEAK = YES;
				CLANG_WARN_BLOCK_CAPTURE_AUTORELEASING = YES;
				CLANG_WARN_BOOL_CONVERSION = YES;
				CLANG_WARN_COMMA = YES;
				CLANG_WARN_CONSTANT_CONVERSION = YES;
				CLANG_WARN_DEPRECATED_OBJC_IMPLEMENTATIONS = YES;
				CLANG_WARN_DIRECT_OBJC_ISA_USAGE = YES_ERROR;
				CLANG_WARN_DOCUMENTATION_COMMENTS = YES;
				CLANG_WARN_EMPTY_BODY = YES;
				CLANG_WARN_ENUM_CONVERSION = YES;
				CLANG_WARN_INFINITE_RECURSION = YES;
				CLANG_WARN_INT_CONVERSION = YES;
				CLANG_WARN_NON_LITERAL_NULL_CONVERSION = YES;
				CLANG_WARN_OBJC_IMPLICIT_RETAIN_SELF = YES;
				CLANG_WARN_OBJC_LITERAL_CONVERSION = YES;
				CLANG_WARN_OBJC_ROOT_CLASS = YES_ERROR;
				CLANG_WARN_QUOTED_INCLUDE_IN_FRAMEWORK_HEADER = YES;
				CLANG_WARN_RANGE_LOOP_ANALYSIS = YES;
				CLANG_WARN_STRICT_PROTOTYPES = YES;
				CLANG_WARN_SUSPICIOUS_MOVE = YES;
				CLANG_WARN_UNGUARDED_AVAILABILITY = YES_AGGRESSIVE;
				CLANG_WARN_UNREACHABLE_CODE = YES;
				CLANG_WARN__DUPLICATE_METHOD_MATCH = YES;
				COPY_PHASE_STRIP = NO;
				DEBUG_INFORMATION_FORMAT = dwarf;
				ENABLE_STRICT_OBJC_MSGSEND = YES;
				ENABLE_TESTABILITY = YES;
				GCC_C_LANGUAGE_STANDARD = gnu11;
				GCC_DYNAMIC_NO_PIC = NO;
				GCC_NO_COMMON_BLOCKS = YES;
				GCC_OPTIMIZATION_LEVEL = 0;
				GCC_PREPROCESSOR_DEFINITIONS = (
					"DEBUG=1",
					"$(inherited)",
				);
				GCC_WARN_64_TO_32_BIT_CONVERSION = YES;
				GCC_WARN_ABOUT_RETURN_TYPE = YES_ERROR;
				GCC_WARN_UNDECLARED_SELECTOR = YES;
				GCC_WARN_UNINITIALIZED_AUTOS = YES_AGGRESSIVE;
				GCC_WARN_UNUSED_FUNCTION = YES;
				GCC_WARN_UNUSED_VARIABLE = YES;
				MACOSX_DEPLOYMENT_TARGET = 12.3;
				MTL_ENABLE_DEBUG_INFO = INCLUDE_SOURCE;
				MTL_FAST_MATH = YES;
				ONLY_ACTIVE_ARCH = YES;
				SDKROOT = macosx;
			};
			name = Debug;
		};
		83BE8C4627ED742B00F10136 /* Release */ = {
			isa = XCBuildConfiguration;
			buildSettings = {
				ALWAYS_SEARCH_USER_PATHS = NO;
				CLANG_ANALYZER_NONNULL = YES;
				CLANG_ANALYZER_NUMBER_OBJECT_CONVERSION = YES_AGGRESSIVE;
				CLANG_CXX_LANGUAGE_STANDARD = "gnu++17";
				CLANG_ENABLE_MODULES = YES;
				CLANG_ENABLE_OBJC_ARC = YES;
				CLANG_ENABLE_OBJC_WEAK = YES;
				CLANG_WARN_BLOCK_CAPTURE_AUTORELEASING = YES;
				CLANG_WARN_BOOL_CONVERSION = YES;
				CLANG_WARN_COMMA = YES;
				CLANG_WARN_CONSTANT_CONVERSION = YES;
				CLANG_WARN_DEPRECATED_OBJC_IMPLEMENTATIONS = YES;
				CLANG_WARN_DIRECT_OBJC_ISA_USAGE = YES_ERROR;
				CLANG_WARN_DOCUMENTATION_COMMENTS = YES;
				CLANG_WARN_EMPTY_BODY = YES;
				CLANG_WARN_ENUM_CONVERSION = YES;
				CLANG_WARN_INFINITE_RECURSION = YES;
				CLANG_WARN_INT_CONVERSION = YES;
				CLANG_WARN_NON_LITERAL_NULL_CONVERSION = YES;
				CLANG_WARN_OBJC_IMPLICIT_RETAIN_SELF = YES;
				CLANG_WARN_OBJC_LITERAL_CONVERSION = YES;
				CLANG_WARN_OBJC_ROOT_CLASS = YES_ERROR;
				CLANG_WARN_QUOTED_INCLUDE_IN_FRAMEWORK_HEADER = YES;
				CLANG_WARN_RANGE_LOOP_ANALYSIS = YES;
				CLANG_WARN_STRICT_PROTOTYPES = YES;
				CLANG_WARN_SUSPICIOUS_MOVE = YES;
				CLANG_WARN_UNGUARDED_AVAILABILITY = YES_AGGRESSIVE;
				CLANG_WARN_UNREACHABLE_CODE = YES;
				CLANG_WARN__DUPLICATE_METHOD_MATCH = YES;
				COPY_PHASE_STRIP = NO;
				DEBUG_INFORMATION_FORMAT = "dwarf-with-dsym";
				ENABLE_NS_ASSERTIONS = NO;
				ENABLE_STRICT_OBJC_MSGSEND = YES;
				GCC_C_LANGUAGE_STANDARD = gnu11;
				GCC_NO_COMMON_BLOCKS = YES;
				GCC_WARN_64_TO_32_BIT_CONVERSION = YES;
				GCC_WARN_ABOUT_RETURN_TYPE = YES_ERROR;
				GCC_WARN_UNDECLARED_SELECTOR = YES;
				GCC_WARN_UNINITIALIZED_AUTOS = YES_AGGRESSIVE;
				GCC_WARN_UNUSED_FUNCTION = YES;
				GCC_WARN_UNUSED_VARIABLE = YES;
				MACOSX_DEPLOYMENT_TARGET = 12.3;
				MTL_ENABLE_DEBUG_INFO = NO;
				MTL_FAST_MATH = YES;
				SDKROOT = macosx;
			};
			name = Release;
		};
		83BE8C4827ED742B00F10136 /* Debug */ = {
			isa = XCBuildConfiguration;
			buildSettings = {
				CODE_SIGN_STYLE = Automatic;
				HEADER_SEARCH_PATHS = "$(PROJECT_DIR)/Externals/include";
				LIBRARY_SEARCH_PATHS = "$(PROJECT_DIR)/Externals/Libraries";
				PRODUCT_NAME = "$(TARGET_NAME)";
			};
			name = Debug;
		};
		83BE8C4927ED742B00F10136 /* Release */ = {
			isa = XCBuildConfiguration;
			buildSettings = {
				CODE_SIGN_STYLE = Automatic;
				HEADER_SEARCH_PATHS = "$(PROJECT_DIR)/Externals/include";
				LIBRARY_SEARCH_PATHS = "$(PROJECT_DIR)/Externals/Libraries";
				PRODUCT_NAME = "$(TARGET_NAME)";
			};
			name = Release;
		};
/* End XCBuildConfiguration section */

/* Begin XCConfigurationList section */
		83BE8C3B27ED742B00F10136 /* Build configuration list for PBXProject "learnOpenGl" */ = {
			isa = XCConfigurationList;
			buildConfigurations = (
				83BE8C4527ED742B00F10136 /* Debug */,
				83BE8C4627ED742B00F10136 /* Release */,
			);
			defaultConfigurationIsVisible = 0;
			defaultConfigurationName = Release;
		};
		83BE8C4727ED742B00F10136 /* Build configuration list for PBXNativeTarget "learnOpenGl" */ = {
			isa = XCConfigurationList;
			buildConfigurations = (
				83BE8C4827ED742B00F10136 /* Debug */,
				83BE8C4927ED742B00F10136 /* Release */,
			);
			defaultConfigurationIsVisible = 0;
			defaultConfigurationName = Release;
		};
/* End XCConfigurationList section */
	};
	rootObject = 83BE8C3827ED742B00F10136 /* Project object */;
}
